
Microsoft Visual Studio Solution File, Format Version 12.00
# Visual Studio Version 16
VisualStudioVersion = 16.0.32901.82
MinimumVisualStudioVersion = 10.0.40219.1
Project("{9A19103F-16F7-4668-BE54-9A1E7A4F7556}") = "SimpleWeatherApp.Core", "src\SimpleWeatherApp.Core\SimpleWeatherApp.Core.csproj", "{9B96EB49-4A87-40C3-B25E-4FDCDBBFFF0A}"
EndProject
Project("{FAE04EC0-301F-11D3-BF4B-00C04F79EFBC}") = "SimpleWeatherApp.Droid", "src\SimpleWeatherApp.Droid\SimpleWeatherApp.Droid.csproj", "{09A0F109-A167-49ED-B0A1-B43CD9B10816}"
EndProject
Project("{FAE04EC0-301F-11D3-BF4B-00C04F79EFBC}") = "SimpleWeatherApp.iOS", "src\SimpleWeatherApp.iOS\SimpleWeatherApp.iOS.csproj", "{EECF201D-28BF-4486-9503-48665ED6F684}"
EndProject
Project("{9A19103F-16F7-4668-BE54-9A1E7A4F7556}") = "SimpleWeatherApp.Core.Test", "test\SimpleWeatherApp.Core.Test\SimpleWeatherApp.Core.Test.csproj", "{AE6140B4-4822-43A6-863D-F22D11A83AF0}"
EndProject
Project("{FAE04EC0-301F-11D3-BF4B-00C04F79EFBC}") = "SimpleWeatherApp.Droid.Test", "test\SimpleWeatherApp.Droid.Test\SimpleWeatherApp.Droid.Test.csproj", "{625B8C6D-0729-479D-AD05-5C2CC06938D5}"
EndProject
Project("{FAE04EC0-301F-11D3-BF4B-00C04F79EFBC}") = "SimpleWeatherApp.iOS.Test", "test\SimpleWeatherApp.iOS.Test\SimpleWeatherApp.iOS.Test.csproj", "{04C097C6-61F9-4423-B5D0-921EDCE5FDF5}"
EndProject
Project("{2150E333-8FDC-42A3-9474-1A3956D46DE8}") = "Tests", "Tests", "{453515BE-1C71-4E04-BB8F-44EF4E708592}"
EndProject
Global
	GlobalSection(SolutionConfigurationPlatforms) = preSolution
		Debug|Any CPU = Debug|Any CPU
		Debug|ARM = Debug|ARM
		Debug|iPhone = Debug|iPhone
		Debug|iPhoneSimulator = Debug|iPhoneSimulator
		Debug|x64 = Debug|x64
		Debug|x86 = Debug|x86
		Release|Any CPU = Release|Any CPU
		Release|ARM = Release|ARM
		Release|iPhone = Release|iPhone
		Release|iPhoneSimulator = Release|iPhoneSimulator
		Release|x64 = Release|x64
		Release|x86 = Release|x86
	EndGlobalSection
	GlobalSection(ProjectConfigurationPlatforms) = postSolution
		{9B96EB49-4A87-40C3-B25E-4FDCDBBFFF0A}.Debug|Any CPU.ActiveCfg = Debug|Any CPU
		{9B96EB49-4A87-40C3-B25E-4FDCDBBFFF0A}.Debug|Any CPU.Build.0 = Debug|Any CPU
		{9B96EB49-4A87-40C3-B25E-4FDCDBBFFF0A}.Debug|ARM.ActiveCfg = Debug|Any CPU
		{9B96EB49-4A87-40C3-B25E-4FDCDBBFFF0A}.Debug|ARM.Build.0 = Debug|Any CPU
		{9B96EB49-4A87-40C3-B25E-4FDCDBBFFF0A}.Debug|iPhone.ActiveCfg = Debug|Any CPU
		{9B96EB49-4A87-40C3-B25E-4FDCDBBFFF0A}.Debug|iPhone.Build.0 = Debug|Any CPU
		{9B96EB49-4A87-40C3-B25E-4FDCDBBFFF0A}.Debug|iPhoneSimulator.ActiveCfg = Debug|Any CPU
		{9B96EB49-4A87-40C3-B25E-4FDCDBBFFF0A}.Debug|iPhoneSimulator.Build.0 = Debug|Any CPU
		{9B96EB49-4A87-40C3-B25E-4FDCDBBFFF0A}.Debug|x64.ActiveCfg = Debug|Any CPU
		{9B96EB49-4A87-40C3-B25E-4FDCDBBFFF0A}.Debug|x64.Build.0 = Debug|Any CPU
		{9B96EB49-4A87-40C3-B25E-4FDCDBBFFF0A}.Debug|x86.ActiveCfg = Debug|Any CPU
		{9B96EB49-4A87-40C3-B25E-4FDCDBBFFF0A}.Debug|x86.Build.0 = Debug|Any CPU
		{9B96EB49-4A87-40C3-B25E-4FDCDBBFFF0A}.Release|Any CPU.ActiveCfg = Release|Any CPU
		{9B96EB49-4A87-40C3-B25E-4FDCDBBFFF0A}.Release|Any CPU.Build.0 = Release|Any CPU
		{9B96EB49-4A87-40C3-B25E-4FDCDBBFFF0A}.Release|ARM.ActiveCfg = Release|Any CPU
		{9B96EB49-4A87-40C3-B25E-4FDCDBBFFF0A}.Release|ARM.Build.0 = Release|Any CPU
		{9B96EB49-4A87-40C3-B25E-4FDCDBBFFF0A}.Release|iPhone.ActiveCfg = Release|Any CPU
		{9B96EB49-4A87-40C3-B25E-4FDCDBBFFF0A}.Release|iPhone.Build.0 = Release|Any CPU
		{9B96EB49-4A87-40C3-B25E-4FDCDBBFFF0A}.Release|iPhoneSimulator.ActiveCfg = Release|Any CPU
		{9B96EB49-4A87-40C3-B25E-4FDCDBBFFF0A}.Release|iPhoneSimulator.Build.0 = Release|Any CPU
		{9B96EB49-4A87-40C3-B25E-4FDCDBBFFF0A}.Release|x64.ActiveCfg = Release|Any CPU
		{9B96EB49-4A87-40C3-B25E-4FDCDBBFFF0A}.Release|x64.Build.0 = Release|Any CPU
		{9B96EB49-4A87-40C3-B25E-4FDCDBBFFF0A}.Release|x86.ActiveCfg = Release|Any CPU
		{9B96EB49-4A87-40C3-B25E-4FDCDBBFFF0A}.Release|x86.Build.0 = Release|Any CPU
		{09A0F109-A167-49ED-B0A1-B43CD9B10816}.Debug|Any CPU.ActiveCfg = Debug|Any CPU
		{09A0F109-A167-49ED-B0A1-B43CD9B10816}.Debug|Any CPU.Build.0 = Debug|Any CPU
		{09A0F109-A167-49ED-B0A1-B43CD9B10816}.Debug|Any CPU.Deploy.0 = Debug|Any CPU
		{09A0F109-A167-49ED-B0A1-B43CD9B10816}.Debug|ARM.ActiveCfg = Debug|Any CPU
		{09A0F109-A167-49ED-B0A1-B43CD9B10816}.Debug|ARM.Build.0 = Debug|Any CPU
		{09A0F109-A167-49ED-B0A1-B43CD9B10816}.Debug|ARM.Deploy.0 = Debug|Any CPU
		{09A0F109-A167-49ED-B0A1-B43CD9B10816}.Debug|iPhone.ActiveCfg = Debug|Any CPU
		{09A0F109-A167-49ED-B0A1-B43CD9B10816}.Debug|iPhone.Build.0 = Debug|Any CPU
		{09A0F109-A167-49ED-B0A1-B43CD9B10816}.Debug|iPhone.Deploy.0 = Debug|Any CPU
		{09A0F109-A167-49ED-B0A1-B43CD9B10816}.Debug|iPhoneSimulator.ActiveCfg = Debug|Any CPU
		{09A0F109-A167-49ED-B0A1-B43CD9B10816}.Debug|iPhoneSimulator.Build.0 = Debug|Any CPU
		{09A0F109-A167-49ED-B0A1-B43CD9B10816}.Debug|iPhoneSimulator.Deploy.0 = Debug|Any CPU
		{09A0F109-A167-49ED-B0A1-B43CD9B10816}.Debug|x64.ActiveCfg = Debug|Any CPU
		{09A0F109-A167-49ED-B0A1-B43CD9B10816}.Debug|x64.Build.0 = Debug|Any CPU
		{09A0F109-A167-49ED-B0A1-B43CD9B10816}.Debug|x64.Deploy.0 = Debug|Any CPU
		{09A0F109-A167-49ED-B0A1-B43CD9B10816}.Debug|x86.ActiveCfg = Debug|Any CPU
		{09A0F109-A167-49ED-B0A1-B43CD9B10816}.Debug|x86.Build.0 = Debug|Any CPU
		{09A0F109-A167-49ED-B0A1-B43CD9B10816}.Debug|x86.Deploy.0 = Debug|Any CPU
		{09A0F109-A167-49ED-B0A1-B43CD9B10816}.Release|Any CPU.ActiveCfg = Release|Any CPU
		{09A0F109-A167-49ED-B0A1-B43CD9B10816}.Release|Any CPU.Build.0 = Release|Any CPU
		{09A0F109-A167-49ED-B0A1-B43CD9B10816}.Release|Any CPU.Deploy.0 = Release|Any CPU
		{09A0F109-A167-49ED-B0A1-B43CD9B10816}.Release|ARM.ActiveCfg = Release|Any CPU
		{09A0F109-A167-49ED-B0A1-B43CD9B10816}.Release|ARM.Build.0 = Release|Any CPU
		{09A0F109-A167-49ED-B0A1-B43CD9B10816}.Release|ARM.Deploy.0 = Release|Any CPU
		{09A0F109-A167-49ED-B0A1-B43CD9B10816}.Release|iPhone.ActiveCfg = Release|Any CPU
		{09A0F109-A167-49ED-B0A1-B43CD9B10816}.Release|iPhone.Build.0 = Release|Any CPU
		{09A0F109-A167-49ED-B0A1-B43CD9B10816}.Release|iPhone.Deploy.0 = Release|Any CPU
		{09A0F109-A167-49ED-B0A1-B43CD9B10816}.Release|iPhoneSimulator.ActiveCfg = Release|Any CPU
		{09A0F109-A167-49ED-B0A1-B43CD9B10816}.Release|iPhoneSimulator.Build.0 = Release|Any CPU
		{09A0F109-A167-49ED-B0A1-B43CD9B10816}.Release|iPhoneSimulator.Deploy.0 = Release|Any CPU
		{09A0F109-A167-49ED-B0A1-B43CD9B10816}.Release|x64.ActiveCfg = Release|Any CPU
		{09A0F109-A167-49ED-B0A1-B43CD9B10816}.Release|x64.Build.0 = Release|Any CPU
		{09A0F109-A167-49ED-B0A1-B43CD9B10816}.Release|x64.Deploy.0 = Release|Any CPU
		{09A0F109-A167-49ED-B0A1-B43CD9B10816}.Release|x86.ActiveCfg = Release|Any CPU
		{09A0F109-A167-49ED-B0A1-B43CD9B10816}.Release|x86.Build.0 = Release|Any CPU
		{09A0F109-A167-49ED-B0A1-B43CD9B10816}.Release|x86.Deploy.0 = Release|Any CPU
		{EECF201D-28BF-4486-9503-48665ED6F684}.Debug|Any CPU.ActiveCfg = Debug|iPhone
		{EECF201D-28BF-4486-9503-48665ED6F684}.Debug|Any CPU.Build.0 = Debug|iPhone
		{EECF201D-28BF-4486-9503-48665ED6F684}.Debug|ARM.ActiveCfg = Debug|iPhone
		{EECF201D-28BF-4486-9503-48665ED6F684}.Debug|iPhone.ActiveCfg = Debug|iPhone
		{EECF201D-28BF-4486-9503-48665ED6F684}.Debug|iPhone.Build.0 = Debug|iPhone
		{EECF201D-28BF-4486-9503-48665ED6F684}.Debug|iPhone.Deploy.0 = Debug|iPhone
		{EECF201D-28BF-4486-9503-48665ED6F684}.Debug|iPhoneSimulator.ActiveCfg = Debug|iPhoneSimulator
		{EECF201D-28BF-4486-9503-48665ED6F684}.Debug|iPhoneSimulator.Build.0 = Debug|iPhoneSimulator
		{EECF201D-28BF-4486-9503-48665ED6F684}.Debug|iPhoneSimulator.Deploy.0 = Debug|iPhoneSimulator
		{EECF201D-28BF-4486-9503-48665ED6F684}.Debug|x64.ActiveCfg = Debug|iPhone
		{EECF201D-28BF-4486-9503-48665ED6F684}.Debug|x86.ActiveCfg = Debug|iPhone
		{EECF201D-28BF-4486-9503-48665ED6F684}.Release|Any CPU.ActiveCfg = Release|iPhone
		{EECF201D-28BF-4486-9503-48665ED6F684}.Release|ARM.ActiveCfg = Release|iPhone
		{EECF201D-28BF-4486-9503-48665ED6F684}.Release|iPhone.ActiveCfg = Release|iPhone
		{EECF201D-28BF-4486-9503-48665ED6F684}.Release|iPhone.Build.0 = Release|iPhone
		{EECF201D-28BF-4486-9503-48665ED6F684}.Release|iPhone.Deploy.0 = Release|iPhone
		{EECF201D-28BF-4486-9503-48665ED6F684}.Release|iPhoneSimulator.ActiveCfg = Release|iPhoneSimulator
		{EECF201D-28BF-4486-9503-48665ED6F684}.Release|iPhoneSimulator.Build.0 = Release|iPhoneSimulator
		{EECF201D-28BF-4486-9503-48665ED6F684}.Release|iPhoneSimulator.Deploy.0 = Release|iPhoneSimulator
		{EECF201D-28BF-4486-9503-48665ED6F684}.Release|x64.ActiveCfg = Release|iPhone
		{EECF201D-28BF-4486-9503-48665ED6F684}.Release|x86.ActiveCfg = Release|iPhone
		{AE6140B4-4822-43A6-863D-F22D11A83AF0}.Debug|Any CPU.ActiveCfg = Debug|Any CPU
		{AE6140B4-4822-43A6-863D-F22D11A83AF0}.Debug|Any CPU.Build.0 = Debug|Any CPU
		{AE6140B4-4822-43A6-863D-F22D11A83AF0}.Debug|ARM.ActiveCfg = Debug|Any CPU
		{AE6140B4-4822-43A6-863D-F22D11A83AF0}.Debug|ARM.Build.0 = Debug|Any CPU
		{AE6140B4-4822-43A6-863D-F22D11A83AF0}.Debug|iPhone.ActiveCfg = Debug|Any CPU
		{AE6140B4-4822-43A6-863D-F22D11A83AF0}.Debug|iPhone.Build.0 = Debug|Any CPU
		{AE6140B4-4822-43A6-863D-F22D11A83AF0}.Debug|iPhoneSimulator.ActiveCfg = Debug|Any CPU
		{AE6140B4-4822-43A6-863D-F22D11A83AF0}.Debug|iPhoneSimulator.Build.0 = Debug|Any CPU
		{AE6140B4-4822-43A6-863D-F22D11A83AF0}.Debug|x64.ActiveCfg = Debug|Any CPU
		{AE6140B4-4822-43A6-863D-F22D11A83AF0}.Debug|x64.Build.0 = Debug|Any CPU
		{AE6140B4-4822-43A6-863D-F22D11A83AF0}.Debug|x86.ActiveCfg = Debug|Any CPU
		{AE6140B4-4822-43A6-863D-F22D11A83AF0}.Debug|x86.Build.0 = Debug|Any CPU
		{AE6140B4-4822-43A6-863D-F22D11A83AF0}.Release|Any CPU.ActiveCfg = Release|Any CPU
		{AE6140B4-4822-43A6-863D-F22D11A83AF0}.Release|Any CPU.Build.0 = Release|Any CPU
		{AE6140B4-4822-43A6-863D-F22D11A83AF0}.Release|ARM.ActiveCfg = Release|Any CPU
		{AE6140B4-4822-43A6-863D-F22D11A83AF0}.Release|ARM.Build.0 = Release|Any CPU
		{AE6140B4-4822-43A6-863D-F22D11A83AF0}.Release|iPhone.ActiveCfg = Release|Any CPU
		{AE6140B4-4822-43A6-863D-F22D11A83AF0}.Release|iPhone.Build.0 = Release|Any CPU
		{AE6140B4-4822-43A6-863D-F22D11A83AF0}.Release|iPhoneSimulator.ActiveCfg = Release|Any CPU
		{AE6140B4-4822-43A6-863D-F22D11A83AF0}.Release|iPhoneSimulator.Build.0 = Release|Any CPU
		{AE6140B4-4822-43A6-863D-F22D11A83AF0}.Release|x64.ActiveCfg = Release|Any CPU
		{AE6140B4-4822-43A6-863D-F22D11A83AF0}.Release|x64.Build.0 = Release|Any CPU
		{AE6140B4-4822-43A6-863D-F22D11A83AF0}.Release|x86.ActiveCfg = Release|Any CPU
		{AE6140B4-4822-43A6-863D-F22D11A83AF0}.Release|x86.Build.0 = Release|Any CPU
		{625B8C6D-0729-479D-AD05-5C2CC06938D5}.Debug|Any CPU.ActiveCfg = Debug|Any CPU
		{625B8C6D-0729-479D-AD05-5C2CC06938D5}.Debug|Any CPU.Build.0 = Debug|Any CPU
		{625B8C6D-0729-479D-AD05-5C2CC06938D5}.Debug|Any CPU.Deploy.0 = Debug|Any CPU
		{625B8C6D-0729-479D-AD05-5C2CC06938D5}.Debug|ARM.ActiveCfg = Debug|Any CPU
		{625B8C6D-0729-479D-AD05-5C2CC06938D5}.Debug|ARM.Build.0 = Debug|Any CPU
		{625B8C6D-0729-479D-AD05-5C2CC06938D5}.Debug|ARM.Deploy.0 = Debug|Any CPU
		{625B8C6D-0729-479D-AD05-5C2CC06938D5}.Debug|iPhone.ActiveCfg = Debug|Any CPU
		{625B8C6D-0729-479D-AD05-5C2CC06938D5}.Debug|iPhone.Build.0 = Debug|Any CPU
		{625B8C6D-0729-479D-AD05-5C2CC06938D5}.Debug|iPhone.Deploy.0 = Debug|Any CPU
		{625B8C6D-0729-479D-AD05-5C2CC06938D5}.Debug|iPhoneSimulator.ActiveCfg = Debug|Any CPU
		{625B8C6D-0729-479D-AD05-5C2CC06938D5}.Debug|iPhoneSimulator.Build.0 = Debug|Any CPU
		{625B8C6D-0729-479D-AD05-5C2CC06938D5}.Debug|iPhoneSimulator.Deploy.0 = Debug|Any CPU
		{625B8C6D-0729-479D-AD05-5C2CC06938D5}.Debug|x64.ActiveCfg = Debug|Any CPU
		{625B8C6D-0729-479D-AD05-5C2CC06938D5}.Debug|x64.Build.0 = Debug|Any CPU
		{625B8C6D-0729-479D-AD05-5C2CC06938D5}.Debug|x64.Deploy.0 = Debug|Any CPU
		{625B8C6D-0729-479D-AD05-5C2CC06938D5}.Debug|x86.ActiveCfg = Debug|Any CPU
		{625B8C6D-0729-479D-AD05-5C2CC06938D5}.Debug|x86.Build.0 = Debug|Any CPU
		{625B8C6D-0729-479D-AD05-5C2CC06938D5}.Debug|x86.Deploy.0 = Debug|Any CPU
		{625B8C6D-0729-479D-AD05-5C2CC06938D5}.Release|Any CPU.ActiveCfg = Release|Any CPU
		{625B8C6D-0729-479D-AD05-5C2CC06938D5}.Release|Any CPU.Build.0 = Release|Any CPU
		{625B8C6D-0729-479D-AD05-5C2CC06938D5}.Release|Any CPU.Deploy.0 = Release|Any CPU
		{625B8C6D-0729-479D-AD05-5C2CC06938D5}.Release|ARM.ActiveCfg = Release|Any CPU
		{625B8C6D-0729-479D-AD05-5C2CC06938D5}.Release|ARM.Build.0 = Release|Any CPU
		{625B8C6D-0729-479D-AD05-5C2CC06938D5}.Release|ARM.Deploy.0 = Release|Any CPU
		{625B8C6D-0729-479D-AD05-5C2CC06938D5}.Release|iPhone.ActiveCfg = Release|Any CPU
		{625B8C6D-0729-479D-AD05-5C2CC06938D5}.Release|iPhone.Build.0 = Release|Any CPU
		{625B8C6D-0729-479D-AD05-5C2CC06938D5}.Release|iPhone.Deploy.0 = Release|Any CPU
		{625B8C6D-0729-479D-AD05-5C2CC06938D5}.Release|iPhoneSimulator.ActiveCfg = Release|Any CPU
		{625B8C6D-0729-479D-AD05-5C2CC06938D5}.Release|iPhoneSimulator.Build.0 = Release|Any CPU
		{625B8C6D-0729-479D-AD05-5C2CC06938D5}.Release|iPhoneSimulator.Deploy.0 = Release|Any CPU
		{625B8C6D-0729-479D-AD05-5C2CC06938D5}.Release|x64.ActiveCfg = Release|Any CPU
		{625B8C6D-0729-479D-AD05-5C2CC06938D5}.Release|x64.Build.0 = Release|Any CPU
		{625B8C6D-0729-479D-AD05-5C2CC06938D5}.Release|x64.Deploy.0 = Release|Any CPU
		{625B8C6D-0729-479D-AD05-5C2CC06938D5}.Release|x86.ActiveCfg = Release|Any CPU
		{625B8C6D-0729-479D-AD05-5C2CC06938D5}.Release|x86.Build.0 = Release|Any CPU
		{625B8C6D-0729-479D-AD05-5C2CC06938D5}.Release|x86.Deploy.0 = Release|Any CPU
		{04C097C6-61F9-4423-B5D0-921EDCE5FDF5}.Debug|Any CPU.ActiveCfg = Debug|iPhone
		{04C097C6-61F9-4423-B5D0-921EDCE5FDF5}.Debug|Any CPU.Build.0 = Debug|iPhone
		{04C097C6-61F9-4423-B5D0-921EDCE5FDF5}.Debug|ARM.ActiveCfg = Debug|iPhone
		{04C097C6-61F9-4423-B5D0-921EDCE5FDF5}.Debug|iPhone.ActiveCfg = Debug|iPhone
		{04C097C6-61F9-4423-B5D0-921EDCE5FDF5}.Debug|iPhone.Build.0 = Debug|iPhone
		{04C097C6-61F9-4423-B5D0-921EDCE5FDF5}.Debug|iPhoneSimulator.ActiveCfg = Debug|iPhoneSimulator
		{04C097C6-61F9-4423-B5D0-921EDCE5FDF5}.Debug|iPhoneSimulator.Build.0 = Debug|iPhoneSimulator
		{04C097C6-61F9-4423-B5D0-921EDCE5FDF5}.Debug|x64.ActiveCfg = Debug|iPhone
		{04C097C6-61F9-4423-B5D0-921EDCE5FDF5}.Debug|x86.ActiveCfg = Debug|iPhone
		{04C097C6-61F9-4423-B5D0-921EDCE5FDF5}.Release|Any CPU.ActiveCfg = Release|iPhone
		{04C097C6-61F9-4423-B5D0-921EDCE5FDF5}.Release|ARM.ActiveCfg = Release|iPhone
		{04C097C6-61F9-4423-B5D0-921EDCE5FDF5}.Release|iPhone.ActiveCfg = Release|iPhone
		{04C097C6-61F9-4423-B5D0-921EDCE5FDF5}.Release|iPhone.Build.0 = Release|iPhone
		{04C097C6-61F9-4423-B5D0-921EDCE5FDF5}.Release|iPhoneSimulator.ActiveCfg = Release|iPhoneSimulator
		{04C097C6-61F9-4423-B5D0-921EDCE5FDF5}.Release|iPhoneSimulator.Build.0 = Release|iPhoneSimulator
		{04C097C6-61F9-4423-B5D0-921EDCE5FDF5}.Release|x64.ActiveCfg = Release|iPhone
		{04C097C6-61F9-4423-B5D0-921EDCE5FDF5}.Release|x86.ActiveCfg = Release|iPhone
	EndGlobalSection
	GlobalSection(SolutionProperties) = preSolution
		HideSolutionNode = FALSE
	EndGlobalSection
	GlobalSection(NestedProjects) = preSolution
		{AE6140B4-4822-43A6-863D-F22D11A83AF0} = {453515BE-1C71-4E04-BB8F-44EF4E708592}
		{625B8C6D-0729-479D-AD05-5C2CC06938D5} = {453515BE-1C71-4E04-BB8F-44EF4E708592}
		{04C097C6-61F9-4423-B5D0-921EDCE5FDF5} = {453515BE-1C71-4E04-BB8F-44EF4E708592}
	EndGlobalSection
	GlobalSection(ExtensibilityGlobals) = postSolution
		SolutionGuid = {1A0FC745-D6B4-498C-A625-1782C82E684B}
	EndGlobalSection
EndGlobal
